
Microsoft Visual Studio Solution File, Format Version 12.00
# Visual Studio 14
VisualStudioVersion = 14.0.25123.0
MinimumVisualStudioVersion = 10.0.40219.1
Project("{FAE04EC0-301F-11D3-BF4B-00C04F79EFBC}") = "EDIOptCenterNet", "EDIOptCenterNet\EDIOptCenterNet.csproj", "{482AB645-F2E4-40CE-972E-16B46A3C9547}"
EndProject
Project("{FAE04EC0-301F-11D3-BF4B-00C04F79EFBC}") = "EDIOptions.AppCenter.IntegrationManager", "EDIOptions.AppCenter.IntegrationManager\EDIOptions.AppCenter.IntegrationManager.csproj", "{5515BEEE-D4FD-47B5-B307-EEF6B37B5053}"
EndProject
Project("{FAE04EC0-301F-11D3-BF4B-00C04F79EFBC}") = "EDIOptions.AppCenter.POAcknowledge", "EDIOptions.AppCenter.POAcknowledge\EDIOptions.AppCenter.POAcknowledge.csproj", "{0835C988-C2DD-4A21-BA95-6BFA1B7971BF}"
EndProject
Project("{FAE04EC0-301F-11D3-BF4B-00C04F79EFBC}") = "EDIOptions.AppCenter.GVMCostReport", "EDIOptions.AppCenter.GVMCostReport\EDIOptions.AppCenter.GVMCostReport.csproj", "{14B17077-A185-48DF-AE4D-EBA314CA4F58}"
EndProject
Project("{FAE04EC0-301F-11D3-BF4B-00C04F79EFBC}") = "EDIOptions.AppCenter.LocationReport", "EDIOptions.AppCenter.LocationReport\EDIOptions.AppCenter.LocationReport.csproj", "{345414EB-D463-46A3-9984-8614AE53708B}"
EndProject
Project("{FAE04EC0-301F-11D3-BF4B-00C04F79EFBC}") = "EDIOptions.AppCenter.SalesRequest", "EDIOptions.AppCenter.SalesRequest\EDIOptions.AppCenter.SalesRequest.csproj", "{C16A7463-CDEE-40A3-8030-39D3ADB87DE2}"
EndProject
Project("{FAE04EC0-301F-11D3-BF4B-00C04F79EFBC}") = "EDIOptions.AppCenter.ChangePO", "EDIOptions.AppCenter.ChangePO\EDIOptions.AppCenter.ChangePO.csproj", "{95515EC3-5668-4CC5-9225-BD74D59D3AF1}"
EndProject
Project("{FAE04EC0-301F-11D3-BF4B-00C04F79EFBC}") = "EDIOptions.AppCenter.ItemDistributionManager", "EDIOptions.AppCenter.ItemDistributionManager\EDIOptions.AppCenter.ItemDistributionManager.csproj", "{C860EF0C-E614-429F-986B-9850A28A40B3}"
EndProject
Project("{FAE04EC0-301F-11D3-BF4B-00C04F79EFBC}") = "EDIOptions.AppCenter.Core", "EDIOptions.AppCenter.Core\EDIOptions.AppCenter.Core.csproj", "{FFFEFBF1-A2FC-4FAC-AE82-32D1D0A16A05}"
EndProject
Project("{FAE04EC0-301F-11D3-BF4B-00C04F79EFBC}") = "EDIOptions.AppCenter.PoDropShip", "EDIOptions.AppCenter.PoDropShip\EDIOptions.AppCenter.PoDropShip.csproj", "{432F9EBD-6EAA-4C3B-B699-F41AEB1B857D}"
EndProject
Project("{FAE04EC0-301F-11D3-BF4B-00C04F79EFBC}") = "EDIOptions.AppCenter.CatalogXref", "EDIOptions.AppCenter.CatalogXref\EDIOptions.AppCenter.CatalogXref.csproj", "{4C5AD030-9847-4FC0-8381-88D91BA7BC7D}"
EndProject
Global
	GlobalSection(SolutionConfigurationPlatforms) = preSolution
		Debug|Any CPU = Debug|Any CPU
		Release|Any CPU = Release|Any CPU
	EndGlobalSection
	GlobalSection(ProjectConfigurationPlatforms) = postSolution
		{482AB645-F2E4-40CE-972E-16B46A3C9547}.Debug|Any CPU.ActiveCfg = Debug|Any CPU
		{482AB645-F2E4-40CE-972E-16B46A3C9547}.Debug|Any CPU.Build.0 = Debug|Any CPU
		{482AB645-F2E4-40CE-972E-16B46A3C9547}.Release|Any CPU.ActiveCfg = Release|Any CPU
		{482AB645-F2E4-40CE-972E-16B46A3C9547}.Release|Any CPU.Build.0 = Release|Any CPU
		{5515BEEE-D4FD-47B5-B307-EEF6B37B5053}.Debug|Any CPU.ActiveCfg = Debug|Any CPU
		{5515BEEE-D4FD-47B5-B307-EEF6B37B5053}.Debug|Any CPU.Build.0 = Debug|Any CPU
		{5515BEEE-D4FD-47B5-B307-EEF6B37B5053}.Release|Any CPU.ActiveCfg = Release|Any CPU
		{5515BEEE-D4FD-47B5-B307-EEF6B37B5053}.Release|Any CPU.Build.0 = Release|Any CPU
		{0835C988-C2DD-4A21-BA95-6BFA1B7971BF}.Debug|Any CPU.ActiveCfg = Debug|Any CPU
		{0835C988-C2DD-4A21-BA95-6BFA1B7971BF}.Debug|Any CPU.Build.0 = Debug|Any CPU
		{0835C988-C2DD-4A21-BA95-6BFA1B7971BF}.Release|Any CPU.ActiveCfg = Release|Any CPU
		{0835C988-C2DD-4A21-BA95-6BFA1B7971BF}.Release|Any CPU.Build.0 = Release|Any CPU
		{14B17077-A185-48DF-AE4D-EBA314CA4F58}.Debug|Any CPU.ActiveCfg = Debug|Any CPU
		{14B17077-A185-48DF-AE4D-EBA314CA4F58}.Debug|Any CPU.Build.0 = Debug|Any CPU
		{14B17077-A185-48DF-AE4D-EBA314CA4F58}.Release|Any CPU.ActiveCfg = Release|Any CPU
		{14B17077-A185-48DF-AE4D-EBA314CA4F58}.Release|Any CPU.Build.0 = Release|Any CPU
		{345414EB-D463-46A3-9984-8614AE53708B}.Debug|Any CPU.ActiveCfg = Debug|Any CPU
		{345414EB-D463-46A3-9984-8614AE53708B}.Debug|Any CPU.Build.0 = Debug|Any CPU
		{345414EB-D463-46A3-9984-8614AE53708B}.Release|Any CPU.ActiveCfg = Release|Any CPU
		{345414EB-D463-46A3-9984-8614AE53708B}.Release|Any CPU.Build.0 = Release|Any CPU
		{C16A7463-CDEE-40A3-8030-39D3ADB87DE2}.Debug|Any CPU.ActiveCfg = Debug|Any CPU
		{C16A7463-CDEE-40A3-8030-39D3ADB87DE2}.Debug|Any CPU.Build.0 = Debug|Any CPU
		{C16A7463-CDEE-40A3-8030-39D3ADB87DE2}.Release|Any CPU.ActiveCfg = Release|Any CPU
		{C16A7463-CDEE-40A3-8030-39D3ADB87DE2}.Release|Any CPU.Build.0 = Release|Any CPU
		{95515EC3-5668-4CC5-9225-BD74D59D3AF1}.Debug|Any CPU.ActiveCfg = Debug|Any CPU
		{95515EC3-5668-4CC5-9225-BD74D59D3AF1}.Debug|Any CPU.Build.0 = Debug|Any CPU
		{95515EC3-5668-4CC5-9225-BD74D59D3AF1}.Release|Any CPU.ActiveCfg = Release|Any CPU
		{95515EC3-5668-4CC5-9225-BD74D59D3AF1}.Release|Any CPU.Build.0 = Release|Any CPU
		{C860EF0C-E614-429F-986B-9850A28A40B3}.Debug|Any CPU.ActiveCfg = Debug|Any CPU
		{C860EF0C-E614-429F-986B-9850A28A40B3}.Debug|Any CPU.Build.0 = Debug|Any CPU
		{C860EF0C-E614-429F-986B-9850A28A40B3}.Release|Any CPU.ActiveCfg = Release|Any CPU
		{C860EF0C-E614-429F-986B-9850A28A40B3}.Release|Any CPU.Build.0 = Release|Any CPU
		{FFFEFBF1-A2FC-4FAC-AE82-32D1D0A16A05}.Debug|Any CPU.ActiveCfg = Debug|Any CPU
		{FFFEFBF1-A2FC-4FAC-AE82-32D1D0A16A05}.Debug|Any CPU.Build.0 = Debug|Any CPU
		{FFFEFBF1-A2FC-4FAC-AE82-32D1D0A16A05}.Release|Any CPU.ActiveCfg = Release|Any CPU
		{FFFEFBF1-A2FC-4FAC-AE82-32D1D0A16A05}.Release|Any CPU.Build.0 = Release|Any CPU
		{432F9EBD-6EAA-4C3B-B699-F41AEB1B857D}.Debug|Any CPU.ActiveCfg = Debug|Any CPU
		{432F9EBD-6EAA-4C3B-B699-F41AEB1B857D}.Debug|Any CPU.Build.0 = Debug|Any CPU
		{432F9EBD-6EAA-4C3B-B699-F41AEB1B857D}.Release|Any CPU.ActiveCfg = Release|Any CPU
		{432F9EBD-6EAA-4C3B-B699-F41AEB1B857D}.Release|Any CPU.Build.0 = Release|Any CPU
		{4C5AD030-9847-4FC0-8381-88D91BA7BC7D}.Debug|Any CPU.ActiveCfg = Debug|Any CPU
		{4C5AD030-9847-4FC0-8381-88D91BA7BC7D}.Debug|Any CPU.Build.0 = Debug|Any CPU
		{4C5AD030-9847-4FC0-8381-88D91BA7BC7D}.Release|Any CPU.ActiveCfg = Release|Any CPU
		{4C5AD030-9847-4FC0-8381-88D91BA7BC7D}.Release|Any CPU.Build.0 = Release|Any CPU
	EndGlobalSection
	GlobalSection(SolutionProperties) = preSolution
		HideSolutionNode = FALSE
	EndGlobalSection
EndGlobal
